lockfileVersion: 5.4

specifiers:
  '@insertish/isomorphic-ws': ^4.0.1
  '@types/node': ^18.8.5
  '@types/ws': ^8.5.4
  dgram: ^1.0.1
  dotenv: ^16.0.3
  eventemitter3: ^5.0.0
  ffmpeg-static: ^5.1.0
  mediasoup-client: ^3.6.84
  msc-node: ^0.0.10
  prism-media: github:itzTheMeow/prism-media
  revkit: ^1.1.3
  rimraf: ^4.4.1
  typescript: ^5.0.4
  ws: ^8.13.0

dependencies:
  '@insertish/isomorphic-ws': 4.0.1_ws@8.13.0
  dgram: 1.0.1
  eventemitter3: 5.0.0
  ffmpeg-static: 5.1.0
  mediasoup-client: 3.6.84
  msc-node: 0.0.10
  prism-media: github.com/itzTheMeow/prism-media/f3e33538bbd00cd9f2a2184a75a832f961ba5409_ffmpeg-static@5.1.0
  revkit: 1.1.3_ws@8.13.0

devDependencies:
  '@types/node': 18.15.11
  '@types/ws': 8.5.4
  dotenv: 16.0.3
  rimraf: 4.4.1
  typescript: 5.0.4
  ws: 8.13.0

packages:

  /@derhuerst/http-basic/8.2.4:
    resolution: {integrity: sha512-F9rL9k9Xjf5blCz8HsJRO4diy111cayL2vkY2XE4r4t3n0yPXVYy3KD3nJ1qbrSn9743UWSXH4IwuCa/HWlGFw==}
    engines: {node: '>=6.0.0'}
    dependencies:
      caseless: 0.12.0
      concat-stream: 2.0.0
      http-response-object: 3.0.2
      parse-cache-control: 1.0.1
    dev: false

  /@fidm/asn1/1.0.4:
    resolution: {integrity: sha512-esd1jyNvRb2HVaQGq2Gg8Z0kbQPXzV9Tq5Z14KNIov6KfFD6PTaRIO8UpcsYiTNzOqJpmyzWgVTrUwFV3UF4TQ==}
    engines: {node: '>= 8'}
    dev: false

  /@fidm/x509/1.2.1:
    resolution: {integrity: sha512-nwc2iesjyc9hkuzcrMCBXQRn653XuAUKorfWM8PZyJawiy1QzLj4vahwzaI25+pfpwOLvMzbJ0uKpWLDNmo16w==}
    engines: {node: '>= 8'}
    dependencies:
      '@fidm/asn1': 1.0.4
      tweetnacl: 1.0.3
    dev: false

  /@insertish/exponential-backoff/3.1.0-patch.2:
    resolution: {integrity: sha512-0lsMVexkZ7dHpQlPrTZDRsm42hZ4/CzKxP1hbAEJH8IaEwrIEhhTKJuFxPuLOi2TwPImuocncjYHpGpwVNOemQ==}
    dev: false

  /@insertish/isomorphic-ws/4.0.1_ws@8.13.0:
    resolution: {integrity: sha512-kFD/p8T4Hkqr992QrdkbW/cQ/W/q2d9MPCobwzBv2PwTKLkCD9RaYDy6m17qRnSLQQ5PU0kHCG8kaOwAqzj1vQ==}
    peerDependencies:
      ws: '*'
    dependencies:
      ws: 8.13.0
    dev: false

  /@insertish/oapi/0.1.18:
    resolution: {integrity: sha512-LZLUk3WmzUjCM0quensexvQx/Kk1MpFBtCLJRnRrPOiaFT37JpOmWUFlrdu0sPS6B9wi2edEBeLcsnIiq85WMA==}
    hasBin: true
    dependencies:
      typescript: 4.9.5
    optionalDependencies:
      axios: 0.26.1
      openapi-typescript: 5.4.1
    transitivePeerDependencies:
      - debug
    dev: false

  /@peculiar/asn1-cms/2.3.6:
    resolution: {integrity: sha512-Kr0XsyjuElTc4NijuPYyd6YkTlbz0KCuoWnNkfPFhXjHTzbUIh/s15ixjxLj8XDrXsI1aPQp3D64uHbrs3Kuyg==}
    dependencies:
      '@peculiar/asn1-schema': 2.3.6
      '@peculiar/asn1-x509': 2.3.6
      '@peculiar/asn1-x509-attr': 2.3.6
      asn1js: 3.0.5
      tslib: 2.5.0
    dev: false

  /@peculiar/asn1-csr/2.3.6:
    resolution: {integrity: sha512-gCTEB/PvUxapmxo4SzGZT1JtEdevRnphRGZZmc9oJE7+pLuj2Px0Q6x+w8VvObfozA3pyPRTq+Wkocnu64+oLw==}
    dependencies:
      '@peculiar/asn1-schema': 2.3.6
      '@peculiar/asn1-x509': 2.3.6
      asn1js: 3.0.5
      tslib: 2.5.0
    dev: false

  /@peculiar/asn1-ecc/2.3.6:
    resolution: {integrity: sha512-Hu1xzMJQWv8/GvzOiinaE6XiD1/kEhq2C/V89UEoWeZ2fLUcGNIvMxOr/pMyL0OmpRWj/mhCTXOZp4PP+a0aTg==}
    dependencies:
      '@peculiar/asn1-schema': 2.3.6
      '@peculiar/asn1-x509': 2.3.6
      asn1js: 3.0.5
      tslib: 2.5.0
    dev: false

  /@peculiar/asn1-pfx/2.3.6:
    resolution: {integrity: sha512-bScrrpQ59mppcoZLkDEW/Wruu+daSWQxpR2vqGjg69+v7VoQ1Le/Elm10ObfNShV2eNNridNQcOQvsHMLvUOCg==}
    dependencies:
      '@peculiar/asn1-cms': 2.3.6
      '@peculiar/asn1-pkcs8': 2.3.6
      '@peculiar/asn1-rsa': 2.3.6
      '@peculiar/asn1-schema': 2.3.6
      asn1js: 3.0.5
      tslib: 2.5.0
    dev: false

  /@peculiar/asn1-pkcs8/2.3.6:
    resolution: {integrity: sha512-poqgdjsHNiyR0gnxP8l5VjRInSgpQvOM3zLULF/ZQW67uUsEiuPfplvaNJUlNqNOCd2szGo9jKW9+JmVVpWojA==}
    dependencies:
      '@peculiar/asn1-schema': 2.3.6
      '@peculiar/asn1-x509': 2.3.6
      asn1js: 3.0.5
      tslib: 2.5.0
    dev: false

  /@peculiar/asn1-pkcs9/2.3.6:
    resolution: {integrity: sha512-uaxSBF60glccuu5BEZvoPsaJzebVYcQRjXx2wXsGe7Grz/BXtq5RQAJ/3i9fEXawFK/zIbvbXBBpy07cnvrqhA==}
    dependencies:
      '@peculiar/asn1-cms': 2.3.6
      '@peculiar/asn1-pfx': 2.3.6
      '@peculiar/asn1-pkcs8': 2.3.6
      '@peculiar/asn1-schema': 2.3.6
      '@peculiar/asn1-x509': 2.3.6
      '@peculiar/asn1-x509-attr': 2.3.6
      asn1js: 3.0.5
      tslib: 2.5.0
    dev: false

  /@peculiar/asn1-rsa/2.3.6:
    resolution: {integrity: sha512-DswjJyAXZnvESuImGNTvbNKvh1XApBVqU+r3UmrFFTAI23gv62byl0f5OFKWTNhCf66WQrd3sklpsCZc/4+jwA==}
    dependencies:
      '@peculiar/asn1-schema': 2.3.6
      '@peculiar/asn1-x509': 2.3.6
      asn1js: 3.0.5
      tslib: 2.5.0
    dev: false

  /@peculiar/asn1-schema/2.3.6:
    resolution: {integrity: sha512-izNRxPoaeJeg/AyH8hER6s+H7p4itk+03QCa4sbxI3lNdseQYCuxzgsuNK8bTXChtLTjpJz6NmXKA73qLa3rCA==}
    dependencies:
      asn1js: 3.0.5
      pvtsutils: 1.3.2
      tslib: 2.5.0
    dev: false

  /@peculiar/asn1-x509-attr/2.3.6:
    resolution: {integrity: sha512-x5Kax8xp3fz+JSc+4Sq0/SUXIdbJeOePibYqvjHMGkP6AoeCOVcP+gg7rZRRGkTlDSyQnAoUTgTEsfAfFEd1/g==}
    dependencies:
      '@peculiar/asn1-schema': 2.3.6
      '@peculiar/asn1-x509': 2.3.6
      asn1js: 3.0.5
      tslib: 2.5.0
    dev: false

  /@peculiar/asn1-x509/2.3.6:
    resolution: {integrity: sha512-dRwX31R1lcbIdzbztiMvLNTDoGptxdV7HocNx87LfKU0fEWh7fTWJjx4oV+glETSy6heF/hJHB2J4RGB3vVSYg==}
    dependencies:
      '@peculiar/asn1-schema': 2.3.6
      asn1js: 3.0.5
      ipaddr.js: 2.0.1
      pvtsutils: 1.3.2
      tslib: 2.5.0
    dev: false

  /@peculiar/json-schema/1.1.12:
    resolution: {integrity: sha512-coUfuoMeIB7B8/NMekxaDzLhaYmp0HZNPEjYRm9goRou8UZIC3z21s0sL9AWoCw4EG876QyO3kYrc61WNF9B/w==}
    engines: {node: '>=8.0.0'}
    dependencies:
      tslib: 2.5.0
    dev: false

  /@peculiar/webcrypto/1.4.3:
    resolution: {integrity: sha512-VtaY4spKTdN5LjJ04im/d/joXuvLbQdgy5Z4DXF4MFZhQ+MTrejbNMkfZBp1Bs3O5+bFqnJgyGdPuZQflvIa5A==}
    engines: {node: '>=10.12.0'}
    dependencies:
      '@peculiar/asn1-schema': 2.3.6
      '@peculiar/json-schema': 1.1.12
      pvtsutils: 1.3.2
      tslib: 2.5.0
      webcrypto-core: 1.7.7
    dev: false

  /@peculiar/x509/1.9.3:
    resolution: {integrity: sha512-rv1TrPi85jOtBJ7Xmqx08p3QPIE2avd5CWgtiwOIAbhV3hoUCLlGIUtXn9CuShfFBCjGy8EnZRQ6YbNFaDL8vw==}
    dependencies:
      '@peculiar/asn1-cms': 2.3.6
      '@peculiar/asn1-csr': 2.3.6
      '@peculiar/asn1-ecc': 2.3.6
      '@peculiar/asn1-pkcs9': 2.3.6
      '@peculiar/asn1-rsa': 2.3.6
      '@peculiar/asn1-schema': 2.3.6
      '@peculiar/asn1-x509': 2.3.6
      pvtsutils: 1.3.2
      reflect-metadata: 0.1.13
      tslib: 2.5.0
      tsyringe: 4.7.0
    dev: false

  /@types/debug/4.1.7:
    resolution: {integrity: sha512-9AonUzyTjXXhEOa0DnqpzZi6VHlqKMswga9EXjpXnnqxwLtdvPPtlO8evrI5D9S6asFRCQ6v+wpiUKbw+vKqyg==}
    dependencies:
      '@types/ms': 0.7.31
    dev: false

  /@types/events/3.0.0:
    resolution: {integrity: sha512-EaObqwIvayI5a8dCzhFrjKzVwKLxjoG9T6Ppd5CEo07LRKfQ8Yokw54r5+Wq7FaBQ+yXRvQAYPrHwya1/UFt9g==}
    dev: false

  /@types/ms/0.7.31:
    resolution: {integrity: sha512-iiUgKzV9AuaEkZqkOLDIvlQiL6ltuZd9tGcW3gwpnX8JbuiuhFlEGmmFXEXkN50Cvq7Os88IY2v0dkDqXYWVgA==}
    dev: false

  /@types/node/10.17.60:
    resolution: {integrity: sha512-F0KIgDJfy2nA3zMLmWGKxcH2ZVEtCZXHHdOQs2gSaQ27+lNeEfGxzkIw90aXswATX7AZ33tahPbzy6KAfUreVw==}
    dev: false

  /@types/node/18.15.11:
    resolution: {integrity: sha512-E5Kwq2n4SbMzQOn6wnmBjuK9ouqlURrcZDVfbo9ftDDTFt3nk7ZKK4GMOzoYgnpQJKcxwQw+lGaBvvlMo0qN/Q==}
    dev: true

  /@types/ws/8.5.4:
    resolution: {integrity: sha512-zdQDHKUgcX/zBc4GrwsE/7dVdAD8JR4EuiAXiiUhhfyIJXXb2+PrGshFyeXWQPMmmZ2XxgaqclgpIC7eTXc1mg==}
    dependencies:
      '@types/node': 18.15.11
    dev: true

  /aes-js/3.1.2:
    resolution: {integrity: sha512-e5pEa2kBnBOgR4Y/p20pskXI74UEz7de8ZGVo58asOtvSVG5YAbJeELPZxOmt+Bnz3rX753YKhfIn4X4l1PPRQ==}
    dev: false

  /agent-base/6.0.2:
    resolution: {integrity: sha512-RZNwNclF7+MS/8bDg70amg32dyeZGZxiDuQmZxKLAlQjr3jGyLx+4Kkk58UO7D2QdgFIQCovuSuZESne6RG6XQ==}
    engines: {node: '>= 6.0.0'}
    dependencies:
      debug: 4.3.4
    transitivePeerDependencies:
      - supports-color
    dev: false

  /argparse/2.0.1:
    resolution: {integrity: sha512-8+9WqebbFzpX9OR+Wa6O29asIogeRMzcGtAINdpMHHyAg10f05aSFVBbcEqGf/PXw1EjAZ+q2/bEBg3DvurK3Q==}
    dev: false
    optional: true

  /asn1js/3.0.5:
    resolution: {integrity: sha512-FVnvrKJwpt9LP2lAMl8qZswRNm3T4q9CON+bxldk2iwk3FFpuwhx2FfinyitizWHsVYyaY+y5JzDR0rCMV5yTQ==}
    engines: {node: '>=12.0.0'}
    dependencies:
      pvtsutils: 1.3.2
      pvutils: 1.1.3
      tslib: 2.5.0
    dev: false

  /asynckit/0.4.0:
    resolution: {integrity: sha512-Oei9OH4tRh0YqU3GxhX79dM/mwVgvbZJaSNaRk+bshkj0S5cfHcgYakreBjrHwatXKbz+IoIdYLxrKim2MjW0Q==}
    dev: false

  /awaitqueue/2.4.0:
    resolution: {integrity: sha512-9nTnPxVuxiuKFTHslm9ltnekUECJidOQ5kE6JpZUH77KrKqStQuWUW7JPB2GJZ7rOwWLcbToHiIXle/nJe1VpQ==}
    engines: {node: '>=8.0.0'}
    dev: false

  /awaitqueue/3.0.1_supports-color@9.3.1:
    resolution: {integrity: sha512-w3uWpUVI/7Q/gS7SrW8UCkZBDC+JPxSjVSFVqlty+OEo4tSEOGPB6jHWXxsi+bRktDXFaFiVKFBvMVzPhUhvqA==}
    engines: {node: '>=14'}
    dependencies:
      debug: 4.3.4_supports-color@9.3.1
    transitivePeerDependencies:
      - supports-color
    dev: false

  /axios/0.26.1:
    resolution: {integrity: sha512-fPwcX4EvnSHuInCMItEhAGnaSEXRBjtzh9fOtsE6E1G6p7vl7edEeZe11QHf18+6+9gR5PbKV/sGKNaD8YaMeA==}
    dependencies:
      follow-redirects: 1.15.2
    transitivePeerDependencies:
      - debug
    dev: false

  /axios/1.3.5:
    resolution: {integrity: sha512-glL/PvG/E+xCWwV8S6nCHcrfg1exGx7vxyUIivIA1iL7BIh6bePylCfVHwp6k13ao7SATxB6imau2kqY+I67kw==}
    dependencies:
      follow-redirects: 1.15.2
      form-data: 4.0.0
      proxy-from-env: 1.1.0
    transitivePeerDependencies:
      - debug
    dev: false

  /balanced-match/1.0.2:
    resolution: {integrity: sha512-3oSeUO0TMV67hN1AmbXsK4yaqU7tjiHlbxRDZOpH0KW9+CeX4bRAaX0Anxt0tx2MrpRpWwQaPwIlISEJhYU5Pw==}
    dev: true

  /big-integer/1.6.51:
    resolution: {integrity: sha512-GPEid2Y9QU1Exl1rpO9B2IPJGHPSupF5GnVIP0blYvNOMer2bTvSWs1jGOUg04hTmu67nmLsQ9TBo1puaotBHg==}
    engines: {node: '>=0.6'}
    dev: false

  /binary-data/0.6.0:
    resolution: {integrity: sha512-HGiT0ir03tS1u7iWdW5xjJfbPpvxH2qJbPFxXW0I3P5iOzkbjN/cJy5GlpAwmjHW5CiayGOxZ/ytLzXmYgdgqQ==}
    engines: {node: '>=6'}
    dependencies:
      generate-function: 2.3.1
      is-plain-object: 2.0.4
    dev: false

  /bn.js/4.12.0:
    resolution: {integrity: sha512-c98Bf3tPniI+scsdk237ku1Dc3ujXQTSgyiPUDEOe7tRkhrqridvh8klBv0HCEso1OLOYcHuCv/cS6DNxKH+ZA==}
    dev: false

  /bowser/2.11.0:
    resolution: {integrity: sha512-AlcaJBi/pqqJBIQ8U9Mcpc9i8Aqxn88Skv5d+xBX006BY5u8N3mGLHa5Lgppa7L/HfwgwLgZ6NYs+Ag6uUmJRA==}
    dev: false

  /brace-expansion/2.0.1:
    resolution: {integrity: sha512-XnAIvQ8eM+kC6aULx6wuQiwVsnzsi9d3WxzV3FpWTGA19F621kwdbsAcFKXgKUHZWsy+mY6iL1sHTxWEFCytDA==}
    dependencies:
      balanced-match: 1.0.2
    dev: true

  /brorand/1.1.0:
    resolution: {integrity: sha512-cKV8tMCEpQs4hK/ik71d6LrPOnpkpGBR0wzxqr68g2m/LB2GxVYQroAjMJZRVM1Y4BCjCKc3vAamxSzOY2RP+w==}
    dev: false

  /buffer-crc32/0.2.13:
    resolution: {integrity: sha512-VO9Ht/+p3SN7SKWqcrgEzjGbRSJYTx+Q1pTQC0wrWqHx0vpJraQ6GtHx8tvcg1rlK1byhU5gccxgOgj7B0TDkQ==}
    dev: false

  /buffer-from/1.1.2:
    resolution: {integrity: sha512-E+XQCRwSbaaiChtv6k6Dwgc+bx+Bs6vuKJHHl5kox/BaKbhiXzqQOwK4cO22yElGp2OCmjwVhT3HmxgyPGnJfQ==}
    dev: false

  /busboy/1.6.0:
    resolution: {integrity: sha512-8SFQbg/0hQ9xy3UNTB0YEnsNBbWfhf7RtnzpL7TkBiTBRfrQ9Fxcnz7VJsleJpyp6rVLvXiuORqjlHi5q+PYuA==}
    engines: {node: '>=10.16.0'}
    dependencies:
      streamsearch: 1.1.0
    dev: false
    optional: true

  /caseless/0.12.0:
    resolution: {integrity: sha512-4tYFyifaFfGacoiObjJegolkwSU4xQNGbVgUiNYVUxbQ2x2lUsFvY4hVgVzGiIe6WLOPqycWXA40l+PWsxthUw==}
    dev: false

  /combined-stream/1.0.8:
    resolution: {integrity: sha512-FQN4MRfuJeHf7cBbBMJFXhKSDq+2kAArBlmRBvcvFE5BB1HZKXtSFASDhdlz9zOYwxh8lDdnvmMOe/+5cdoEdg==}
    engines: {node: '>= 0.8'}
    dependencies:
      delayed-stream: 1.0.0
    dev: false

  /concat-stream/2.0.0:
    resolution: {integrity: sha512-MWufYdFw53ccGjCA+Ol7XJYpAlW6/prSMzuPOTRnJGcGzuhLn4Scrz7qf6o8bROZ514ltazcIFJZevcfbo0x7A==}
    engines: {'0': node >= 6.0}
    dependencies:
      buffer-from: 1.1.2
      inherits: 2.0.4
      readable-stream: 3.6.2
      typedarray: 0.0.6
    dev: false

  /date-fns/2.29.3:
    resolution: {integrity: sha512-dDCnyH2WnnKusqvZZ6+jA1O51Ibt8ZMRNkDZdyAyK4YfbDwa/cEmuztzG5pk6hqlp9aSBPYcjOlktquahGwGeA==}
    engines: {node: '>=0.11'}
    dev: false

  /debug/4.3.4:
    resolution: {integrity: sha512-PRWFHuSU3eDtQJPvnNY7Jcket1j0t5OuOsFzPPzsekD52Zl8qUfFIPEiswXqIvHWGVHOgX+7G/vCNNhehwxfkQ==}
    engines: {node: '>=6.0'}
    peerDependencies:
      supports-color: '*'
    peerDependenciesMeta:
      supports-color:
        optional: true
    dependencies:
      ms: 2.1.2
    dev: false

  /debug/4.3.4_supports-color@8.1.1:
    resolution: {integrity: sha512-PRWFHuSU3eDtQJPvnNY7Jcket1j0t5OuOsFzPPzsekD52Zl8qUfFIPEiswXqIvHWGVHOgX+7G/vCNNhehwxfkQ==}
    engines: {node: '>=6.0'}
    peerDependencies:
      supports-color: '*'
    peerDependenciesMeta:
      supports-color:
        optional: true
    dependencies:
      ms: 2.1.2
      supports-color: 8.1.1
    dev: false

  /debug/4.3.4_supports-color@9.3.1:
    resolution: {integrity: sha512-PRWFHuSU3eDtQJPvnNY7Jcket1j0t5OuOsFzPPzsekD52Zl8qUfFIPEiswXqIvHWGVHOgX+7G/vCNNhehwxfkQ==}
    engines: {node: '>=6.0'}
    peerDependencies:
      supports-color: '*'
    peerDependenciesMeta:
      supports-color:
        optional: true
    dependencies:
      ms: 2.1.2
      supports-color: 9.3.1
    dev: false

  /delayed-stream/1.0.0:
    resolution: {integrity: sha512-ZySD7Nf91aLB0RxL4KGrKHBXl7Eds1DAmEdcoVawXnLD7SDhpNgtuII2aAkg7a7QS41jxPSZ17p4VdGnMHk3MQ==}
    engines: {node: '>=0.4.0'}
    dev: false

  /dgram/1.0.1:
    resolution: {integrity: sha512-zJVFL1EWfKtE0z2VN6qfpn/a+qG1viEzcwJA0EjtzS76ONSE3sEyWBwEbo32hS4IFw/EWVuWN+8b89aPW6It2A==}
    deprecated: npm is holding this package for security reasons. As it's a core Node module, we will not transfer it over to other users. You may safely remove the package from your dependencies.
    dev: false

  /dotenv/16.0.3:
    resolution: {integrity: sha512-7GO6HghkA5fYG9TYnNxi14/7K9f5occMlp3zXAuSxn7CKCxt9xbNWG7yF8hTCSUchlfWSe3uLmlPfigevRItzQ==}
    engines: {node: '>=12'}
    dev: true

  /elliptic/6.5.4:
    resolution: {integrity: sha512-iLhC6ULemrljPZb+QutR5TQGB+pdW6KGD5RSegS+8sorOZT+rdQFbsQFJgvN3eRqNALqJer4oQ16YvJHlU8hzQ==}
    dependencies:
      bn.js: 4.12.0
      brorand: 1.1.0
      hash.js: 1.1.7
      hmac-drbg: 1.0.1
      inherits: 2.0.4
      minimalistic-assert: 1.0.1
      minimalistic-crypto-utils: 1.0.1
    dev: false

  /env-paths/2.2.1:
    resolution: {integrity: sha512-+h1lkLKhZMTYjog1VEpJNG7NZJWcuc2DDk/qsqSTRRCOXiLjeQ1d1/udrUGhqMxUgAlwKNZ0cf2uqan5GLuS2A==}
    engines: {node: '>=6'}
    dev: false

  /event-target-shim/5.0.1:
    resolution: {integrity: sha512-i/2XbnSz/uxRCU6+NdVJgKWDTM427+MqYbkQzD321DuCQJUqOuJKIA0IM2+W2xtYHdKOmZ4dR6fExsd4SXL+WQ==}
    engines: {node: '>=6'}
    dev: false

  /eventemitter3/5.0.0:
    resolution: {integrity: sha512-riuVbElZZNXLeLEoprfNYoDSwTBRR44X3mnhdI1YcnENpWTCsTTVZ2zFuqQcpoyqPQIUXdiPEU0ECAq0KQRaHg==}
    dev: false

  /events/3.3.0:
    resolution: {integrity: sha512-mQw+2fkQbALzQ7V0MY0IqdnXNOeTtP4r0lN9z7AAawCXgqea7bDii20AYrIBrFd/Hx0M2Ocz6S111CaFkUcb0Q==}
    engines: {node: '>=0.8.x'}
    dev: false

  /fake-mediastreamtrack/1.1.6:
    resolution: {integrity: sha512-lcoO5oPsW57istAsnjvQxNjBEahi18OdUhWfmEewwfPfzNZnji5OXuodQM+VnUPi/1HnQRJ6gBUjbt1TNXrkjQ==}
    dependencies:
      event-target-shim: 5.0.1
      uuid: 8.3.2
    dev: false

  /ffmpeg-static/5.1.0:
    resolution: {integrity: sha512-eEWOiGdbf7HKPeJI5PoJ0oCwkL0hckL2JdS4JOuB/gUETppwkEpq8nF0+e6VEQnDCo/iuoipbTUsn9QJmtpNkg==}
    engines: {node: '>=16'}
    requiresBuild: true
    dependencies:
      '@derhuerst/http-basic': 8.2.4
      env-paths: 2.2.1
      https-proxy-agent: 5.0.1
      progress: 2.0.3
    transitivePeerDependencies:
      - supports-color
    dev: false

  /follow-redirects/1.15.2:
    resolution: {integrity: sha512-VQLG33o04KaQ8uYi2tVNbdrWp1QWxNNea+nmIB4EVM28v0hmP17z7aG1+wAkNzVq4KeXTq3221ye5qTJP91JwA==}
    engines: {node: '>=4.0'}
    peerDependencies:
      debug: '*'
    peerDependenciesMeta:
      debug:
        optional: true
    dev: false

  /form-data/4.0.0:
    resolution: {integrity: sha512-ETEklSGi5t0QMZuiXoA/Q6vcnxcLQP5vdugSpuAyi6SVGi2clPPp+xgEhuMaHC+zGgn31Kd235W35f7Hykkaww==}
    engines: {node: '>= 6'}
    dependencies:
      asynckit: 0.4.0
      combined-stream: 1.0.8
      mime-types: 2.1.35
    dev: false

  /fs.realpath/1.0.0:
    resolution: {integrity: sha512-OO0pH2lK6a0hZnAdau5ItzHPI6pUlvI7jMVnxUQRtw4owF2wk8lOSabtGDCTP4Ggrg2MbGnWO9X8K1t4+fGMDw==}
    dev: true

  /generate-function/2.3.1:
    resolution: {integrity: sha512-eeB5GfMNeevm/GRYq20ShmsaGcmI81kIX2K9XQx5miC8KdHaC6Jm0qQ8ZNeGOi7wYB8OsdxKs+Y2oVuTFuVwKQ==}
    dependencies:
      is-property: 1.0.2
    dev: false

  /glob/9.3.4:
    resolution: {integrity: sha512-qaSc49hojMOv1EPM4EuyITjDSgSKI0rthoHnvE81tcOi1SCVndHko7auqxdQ14eiQG2NDBJBE86+2xIrbIvrbA==}
    engines: {node: '>=16 || 14 >=14.17'}
    dependencies:
      fs.realpath: 1.0.0
      minimatch: 8.0.3
      minipass: 4.2.5
      path-scurry: 1.6.3
    dev: true

  /globalyzer/0.1.0:
    resolution: {integrity: sha512-40oNTM9UfG6aBmuKxk/giHn5nQ8RVz/SS4Ir6zgzOv9/qC3kKZ9v4etGTcJbEl/NyVQH7FGU7d+X1egr57Md2Q==}
    dev: false
    optional: true

  /globrex/0.1.2:
    resolution: {integrity: sha512-uHJgbwAMwNFf5mLst7IWLNg14x1CkeqglJb/K3doi4dw6q2IvAAmM/Y81kevy83wP+Sst+nutFTYOGg3d1lsxg==}
    dev: false
    optional: true

  /h264-profile-level-id/1.0.1_supports-color@8.1.1:
    resolution: {integrity: sha512-D3Rln/jKNjKDW5ZTJTK3niSoOGE+pFqPvRHHVgQN3G7umcn/zWGPUo8Q8VpDj16x3hKz++zVviRNRmXu5cpN+Q==}
    engines: {node: '>=8.0.0'}
    dependencies:
      debug: 4.3.4_supports-color@8.1.1
    transitivePeerDependencies:
      - supports-color
    dev: false

  /h264-profile-level-id/1.0.1_supports-color@9.3.1:
    resolution: {integrity: sha512-D3Rln/jKNjKDW5ZTJTK3niSoOGE+pFqPvRHHVgQN3G7umcn/zWGPUo8Q8VpDj16x3hKz++zVviRNRmXu5cpN+Q==}
    engines: {node: '>=8.0.0'}
    dependencies:
      debug: 4.3.4_supports-color@9.3.1
    transitivePeerDependencies:
      - supports-color
    dev: false

  /has-flag/4.0.0:
    resolution: {integrity: sha512-EykJT/Q1KjTWctppgIAgfSO0tKVuZUjhgMr17kqTumMl6Afv3EISleU7qZUzoXDFTAHTDC4NOoG/ZxU3EvlMPQ==}
    engines: {node: '>=8'}
    dev: false

  /hash.js/1.1.7:
    resolution: {integrity: sha512-taOaskGt4z4SOANNseOviYDvjEJinIkRgmp7LbKP2YTTmVxWBl87s/uzK9r+44BclBSp2X7K1hqeNfz9JbBeXA==}
    dependencies:
      inherits: 2.0.4
      minimalistic-assert: 1.0.1
    dev: false

  /hmac-drbg/1.0.1:
    resolution: {integrity: sha512-Tti3gMqLdZfhOQY1Mzf/AanLiqh1WTiJgEj26ZuYQ9fbkLomzGchCws4FyrSd4VkpBfiNhaE1On+lOz894jvXg==}
    dependencies:
      hash.js: 1.1.7
      minimalistic-assert: 1.0.1
      minimalistic-crypto-utils: 1.0.1
    dev: false

  /http-response-object/3.0.2:
    resolution: {integrity: sha512-bqX0XTF6fnXSQcEJ2Iuyr75yVakyjIDCqroJQ/aHfSdlM743Cwqoi2nDYMzLGWUcuTWGWy8AAvOKXTfiv6q9RA==}
    dependencies:
      '@types/node': 10.17.60
    dev: false

  /https-proxy-agent/5.0.1:
    resolution: {integrity: sha512-dFcAjpTQFgoLMzC2VwU+C/CbS7uRL0lWmxDITmqm7C+7F0Odmj6s9l6alZc6AELXhrnggM2CeWSXHGOdX2YtwA==}
    engines: {node: '>= 6'}
    dependencies:
      agent-base: 6.0.2
      debug: 4.3.4
    transitivePeerDependencies:
      - supports-color
    dev: false

  /inherits/2.0.4:
    resolution: {integrity: sha512-k/vGaX4/Yla3WzyMCvTQOXYeIHvqOKtnqBduzTHpzpQZzAskKMhZ2K+EnBiSM9zGSoIFeMpXKxa4dYeZIQqewQ==}
    dev: false

  /int64-buffer/1.0.1:
    resolution: {integrity: sha512-+3azY4pXrjAupJHU1V9uGERWlhoqNswJNji6aD/02xac7oxol508AsMC5lxKhEqyZeDFy3enq5OGWXF4u75hiw==}
    engines: {node: '>= 4.5.0'}
    dev: false

  /ip/1.1.8:
    resolution: {integrity: sha512-PuExPYUiu6qMBQb4l06ecm6T6ujzhmh+MeJcW9wa89PoAz5pvd4zPgN5WJV104mb6S2T1AwNIAaB70JNrLQWhg==}
    dev: false

  /ipaddr.js/2.0.1:
    resolution: {integrity: sha512-1qTgH9NG+IIJ4yfKs2e6Pp1bZg8wbDbKHT21HrLIeYBTRLgMYKnMTPAuI3Lcs61nfx5h1xlXnbJtH1kX5/d/ng==}
    engines: {node: '>= 10'}
    dev: false

  /is-plain-object/2.0.4:
    resolution: {integrity: sha512-h5PpgXkWitc38BBMYawTYMWJHFZJVnBquFE57xFpjB8pJFiF6gZ+bU+WyI/yqXiFR5mdLsgYNaPe8uao6Uv9Og==}
    engines: {node: '>=0.10.0'}
    dependencies:
      isobject: 3.0.1
    dev: false

  /is-property/1.0.2:
    resolution: {integrity: sha512-Ks/IoX00TtClbGQr4TWXemAnktAQvYB7HzcCxDGqEZU6oCmb2INHuOoKxbtR+HFkmYWBKv/dOZtGRiAjDhj92g==}
    dev: false

  /isobject/3.0.1:
    resolution: {integrity: sha512-WhB9zCku7EGTj/HQQRz5aUQEUeoQZH2bWcltRErOpymJ4boYE6wL9Tbr23krRPSZ+C5zqNSrSw+Cc7sZZ4b7vg==}
    engines: {node: '>=0.10.0'}
    dev: false

  /js-yaml/4.1.0:
    resolution: {integrity: sha512-wpxZs9NoxZaJESJGIZTyDEaYpl0FKSA+FB9aJiyemKhMwkxQg63h4T1KJgUGHpTqPDNRcmmYLugrRjJlBtWvRA==}
    hasBin: true
    dependencies:
      argparse: 2.0.1
    dev: false
    optional: true

  /jspack/0.0.4:
    resolution: {integrity: sha512-DC/lSTXYDDdYWzyY/9A1kMzp6Ov9mCRhZQ1cGg4te2w3y4/aKZTSspvbYN4LUsvSzMCb/H8z4TV9mYYW/bs3PQ==}
    dev: false

  /lodash.defaultsdeep/4.6.1:
    resolution: {integrity: sha512-3j8wdDzYuWO3lM3Reg03MuQR957t287Rpcxp1njpEa8oDrikb+FwGdW3n+FELh/A6qib6yPit0j/pv9G/yeAqA==}
    dev: false

  /lodash/4.17.21:
    resolution: {integrity: sha512-v2kDEe57lecTulaDIuNTPy3Ry4gLGJ6Z1O3vE1krgXZNrsQ+LFTGHVxVjcXPs17LhbZVGedAJv8XZ1tvj5FvSg==}
    dev: false

  /long/5.2.1:
    resolution: {integrity: sha512-GKSNGeNAtw8IryjjkhZxuKB3JzlcLTwjtiQCHKvqQet81I93kXslhDQruGI/QsddO83mcDToBVy7GqGS/zYf/A==}
    dev: false

  /lru-cache/7.18.3:
    resolution: {integrity: sha512-jumlc0BIUrS3qJGgIkWZsyfAM7NCWiBcCDhnd+3NNM5KbBmLTgHVfWBcg6W+rLUsIpzpERPsvwUP7CckAQSOoA==}
    engines: {node: '>=12'}
    dev: true

  /luxon/3.3.0:
    resolution: {integrity: sha512-An0UCfG/rSiqtAIiBPO0Y9/zAnHUZxAMiCpTd5h2smgsj7GGmcenvrvww2cqNA8/4A5ZrD1gJpHN2mIHZQF+Mg==}
    engines: {node: '>=12'}
    dev: false

  /mediasoup-client/3.6.84:
    resolution: {integrity: sha512-eWkL0/rBPr9Bd8+qz4EqeYUg3+NtHNyAielk2BxfRiOyyKhknb38RabIM3L7eh9mi8qupZ3O11W7OkLSx+XRfQ==}
    engines: {node: '>=14'}
    dependencies:
      '@types/debug': 4.1.7
      awaitqueue: 3.0.1_supports-color@9.3.1
      bowser: 2.11.0
      debug: 4.3.4_supports-color@9.3.1
      events: 3.3.0
      fake-mediastreamtrack: 1.1.6
      h264-profile-level-id: 1.0.1_supports-color@9.3.1
      queue-microtask: 1.2.3
      sdp-transform: 2.14.1
      supports-color: 9.3.1
    dev: false

  /mime-db/1.52.0:
    resolution: {integrity: sha512-sPU4uV7dYlvtWJxwwxHD0PuihVNiE7TyAbQ5SWxDCB9mUYvOgroQOwYQQOKPJ8CIbE+1ETVlOoK1UC2nU3gYvg==}
    engines: {node: '>= 0.6'}
    dev: false

  /mime-types/2.1.35:
    resolution: {integrity: sha512-ZDY+bPm5zTTF+YpCrAU9nK0UgICYPT0QtT1NZWFv4s++TNkcgVaT0g6+4R2uI4MjQjzysHB1zxuWL50hzaeXiw==}
    engines: {node: '>= 0.6'}
    dependencies:
      mime-db: 1.52.0
    dev: false

  /mime/3.0.0:
    resolution: {integrity: sha512-jSCU7/VB1loIWBZe14aEYHU/+1UMEHoaO7qxCOVJOw9GgH72VAWppxNcjU+x9a2k3GSIBXNKxXQFqRvvZ7vr3A==}
    engines: {node: '>=10.0.0'}
    hasBin: true
    dev: false
    optional: true

  /minimalistic-assert/1.0.1:
    resolution: {integrity: sha512-UtJcAD4yEaGtjPezWuO9wC4nwUnVH/8/Im3yEHQP4b67cXlD/Qr9hdITCU1xDbSEXg2XKNaP8jsReV7vQd00/A==}
    dev: false

  /minimalistic-crypto-utils/1.0.1:
    resolution: {integrity: sha512-JIYlbt6g8i5jKfJ3xz7rF0LXmv2TkDxBLUkiBeZ7bAx4GnnNMr8xFpGnOxn6GhTEHx3SjRrZEoU+j04prX1ktg==}
    dev: false

  /minimatch/8.0.3:
    resolution: {integrity: sha512-tEEvU9TkZgnFDCtpnrEYnPsjT7iUx42aXfs4bzmQ5sMA09/6hZY0jeZcGkXyDagiBOvkUjNo8Viom+Me6+2x7g==}
    engines: {node: '>=16 || 14 >=14.17'}
    dependencies:
      brace-expansion: 2.0.1
    dev: true

  /minipass/4.2.5:
    resolution: {integrity: sha512-+yQl7SX3bIT83Lhb4BVorMAHVuqsskxRdlmO9kTpyukp8vsm2Sn/fUOV9xlnG8/a5JsypJzap21lz/y3FBMJ8Q==}
    engines: {node: '>=8'}
    dev: true

  /ms/2.1.2:
    resolution: {integrity: sha512-sGkPx+VjMtmA6MX27oA4FBFELFCZZ4S4XqeGOXCv68tT+jb3vk/RyaKWP0PTKyWtmLSM0b+adUTEvbs1PEaH2w==}
    dev: false

  /msc-node/0.0.10:
    resolution: {integrity: sha512-Bus7NBR01MUaPtZpoG87INRLZ/xjW/LFP2/XDURz5GedMi4bLYX/o/nb6idYUHZ0tf+Xi1i1WnuamBPbIb0s9Q==}
    engines: {node: '>=15'}
    dependencies:
      '@types/debug': 4.1.7
      '@types/events': 3.0.0
      awaitqueue: 2.4.0
      bowser: 2.11.0
      debug: 4.3.4_supports-color@8.1.1
      events: 3.3.0
      h264-profile-level-id: 1.0.1_supports-color@8.1.1
      sdp-transform: 2.14.1
      supports-color: 8.1.1
      werift: 0.12.9_supports-color@8.1.1
    dev: false

  /nano-time/1.0.0:
    resolution: {integrity: sha512-flnngywOoQ0lLQOTRNexn2gGSNuM9bKj9RZAWSzhQ+UJYaAFG9bac4DW9VHjUAzrOaIcajHybCTHe/bkvozQqA==}
    dependencies:
      big-integer: 1.6.51
    dev: false

  /openapi-typescript/5.4.1:
    resolution: {integrity: sha512-AGB2QiZPz4rE7zIwV3dRHtoUC/CWHhUjuzGXvtmMQN2AFV8xCTLKcZUHLcdPQmt/83i22nRE7+TxXOXkK+gf4Q==}
    engines: {node: '>= 14.0.0'}
    hasBin: true
    requiresBuild: true
    dependencies:
      js-yaml: 4.1.0
      mime: 3.0.0
      prettier: 2.8.7
      tiny-glob: 0.2.9
      undici: 5.21.0
      yargs-parser: 21.1.1
    dev: false
    optional: true

  /p-cancelable/2.1.1:
    resolution: {integrity: sha512-BZOr3nRQHOntUjTrH8+Lh54smKHoHyur8We1V8DSMVrl5A2malOOwuJRnKRDjSnkoeBh4at6BwEnb5I7Jl31wg==}
    engines: {node: '>=8'}
    dev: false

  /parse-cache-control/1.0.1:
    resolution: {integrity: sha512-60zvsJReQPX5/QP0Kzfd/VrpjScIQ7SHBW6bFCYfEP+fp0Eppr1SHhIO5nd1PjZtvclzSzES9D/p5nFJurwfWg==}
    dev: false

  /path-scurry/1.6.3:
    resolution: {integrity: sha512-RAmB+n30SlN+HnNx6EbcpoDy9nwdpcGPnEKrJnu6GZoDWBdIjo1UQMVtW2ybtC7LC2oKLcMq8y5g8WnKLiod9g==}
    engines: {node: '>=16 || 14 >=14.17'}
    dependencies:
      lru-cache: 7.18.3
      minipass: 4.2.5
    dev: true

  /prettier/2.8.7:
    resolution: {integrity: sha512-yPngTo3aXUUmyuTjeTUT75txrf+aMh9FiD7q9ZE/i6r0bPb22g4FsE6Y338PQX1bmfy08i9QQCB7/rcUAVntfw==}
    engines: {node: '>=10.13.0'}
    hasBin: true
    dev: false
    optional: true

  /progress/2.0.3:
    resolution: {integrity: sha512-7PiHtLll5LdnKIMw100I+8xJXR5gW2QwWYkT6iJva0bXitZKa/XMrSbdmg3r2Xnaidz9Qumd0VPaMrZlF9V9sA==}
    engines: {node: '>=0.4.0'}
    dev: false

  /proxy-from-env/1.1.0:
    resolution: {integrity: sha512-D+zkORCbA9f1tdWRK0RaCR3GPv50cMxcrz4X8k5LTSUD1Dkw47mKJEZQNunItRTkWwgtaUSo1RVFRIG9ZXiFYg==}
    dev: false

  /pvtsutils/1.3.2:
    resolution: {integrity: sha512-+Ipe2iNUyrZz+8K/2IOo+kKikdtfhRKzNpQbruF2URmqPtoqAs8g3xS7TJvFF2GcPXjh7DkqMnpVveRFq4PgEQ==}
    dependencies:
      tslib: 2.5.0
    dev: false

  /pvutils/1.1.3:
    resolution: {integrity: sha512-pMpnA0qRdFp32b1sJl1wOJNxZLQ2cbQx+k6tjNtZ8CpvVhNqEPRgivZ2WOUev2YMajecdH7ctUPDvEe87nariQ==}
    engines: {node: '>=6.0.0'}
    dev: false

  /queue-microtask/1.2.3:
    resolution: {integrity: sha512-NuaNSa6flKT5JaSYQzJok04JzTL1CA6aGhv5rfLW3PgqA+M2ChpZQnAC8h8i4ZFkBS8X5RqkDBHA7r4hej3K9A==}
    dev: false

  /readable-stream/3.6.2:
    resolution: {integrity: sha512-9u/sniCrY3D5WdsERHzHE4G2YCXqoG5FTHUiCC4SIbr6XcLZBY05ya9EKjYek9O5xOAwjGq+1JdGBAS7Q9ScoA==}
    engines: {node: '>= 6'}
    dependencies:
      inherits: 2.0.4
      string_decoder: 1.3.0
      util-deprecate: 1.0.2
    dev: false

  /reflect-metadata/0.1.13:
    resolution: {integrity: sha512-Ts1Y/anZELhSsjMcU605fU9RE4Oi3p5ORujwbIKXfWa+0Zxs510Qrmrce5/Jowq3cHSZSJqBjypxmHarc+vEWg==}
    dev: false

  /revkit/1.1.3_ws@8.13.0:
    resolution: {integrity: sha512-q8WA5fAP/9sSHQQt2VR0ZLlevDTVUr8oeFNYVFCT1FJLcSjnkhgjwGRuEXRfIU/aMm0qoh5eeHAd1NEavQ4Fbw==}
    dependencies:
      '@insertish/exponential-backoff': 3.1.0-patch.2
      '@insertish/isomorphic-ws': 4.0.1_ws@8.13.0
      axios: 1.3.5
      eventemitter3: 5.0.0
      form-data: 4.0.0
      long: 5.2.1
      luxon: 3.3.0
      revolt-api: 0.5.17
      ulid: 2.3.0
    transitivePeerDependencies:
      - debug
      - ws
    dev: false

  /revolt-api/0.5.17:
    resolution: {integrity: sha512-AkceDCK+6c8Ie+psmG8KA1VTx+DJJRk99jsve9SIBCeCxZ7CizdgBdG3fJ4KM/UA4H+IvPa3PdFzgrBeBuTOWQ==}
    dependencies:
      '@insertish/oapi': 0.1.18
      axios: 0.26.1
      lodash.defaultsdeep: 4.6.1
    transitivePeerDependencies:
      - debug
    dev: false

  /rimraf/4.4.1:
    resolution: {integrity: sha512-Gk8NlF062+T9CqNGn6h4tls3k6T1+/nXdOcSZVikNVtlRdYpA7wRJJMoXmuvOnLW844rPjdQ7JgXCYM6PPC/og==}
    engines: {node: '>=14'}
    hasBin: true
    dependencies:
      glob: 9.3.4
    dev: true

  /rx.mini/1.2.2:
    resolution: {integrity: sha512-zP1g2BbfQk9oR8x9pibxAj/eKUaddGGXtHGaOnbrJQHa4bIKl8vPvA3vWwwOXzLr8Cb3jf4Ccl0WqVUInZh29g==}
    dev: false

  /safe-buffer/5.2.1:
    resolution: {integrity: sha512-rp3So07KcdmmKbGvgaNxQSJr7bGVSVk5S9Eq1F+ppbRo70+YeaDxkw5Dd8NPN+GD6bjnYm2VuPuCXmpuYvmCXQ==}
    dev: false

  /sdp-transform/2.14.1:
    resolution: {integrity: sha512-RjZyX3nVwJyCuTo5tGPx+PZWkDMCg7oOLpSlhjDdZfwUoNqG1mM8nyj31IGHyaPWXhjbP7cdK3qZ2bmkJ1GzRw==}
    hasBin: true
    dev: false

  /streamsearch/1.1.0:
    resolution: {integrity: sha512-Mcc5wHehp9aXz1ax6bZUyY5afg9u2rv5cqQI3mRrYkGC8rW2hM02jWuwjtL++LS5qinSyhj2QfLyNsuc+VsExg==}
    engines: {node: '>=10.0.0'}
    dev: false
    optional: true

  /string_decoder/1.3.0:
    resolution: {integrity: sha512-hkRX8U1WjJFd8LsDJ2yQ/wWWxaopEsABU1XfkM8A+j0+85JAGppt16cr1Whg6KIbb4okU6Mql6BOj+uup/wKeA==}
    dependencies:
      safe-buffer: 5.2.1
    dev: false

  /supports-color/8.1.1:
    resolution: {integrity: sha512-MpUEN2OodtUzxvKQl72cUF7RQ5EiHsGvSsVG0ia9c5RbWGL2CI4C7EpPS8UTBIplnlzZiNuV56w+FuNxy3ty2Q==}
    engines: {node: '>=10'}
    dependencies:
      has-flag: 4.0.0
    dev: false

  /supports-color/9.3.1:
    resolution: {integrity: sha512-knBY82pjmnIzK3NifMo3RxEIRD9E0kIzV4BKcyTZ9+9kWgLMxd4PrsTSMoFQUabgRBbF8KOLRDCyKgNV+iK44Q==}
    engines: {node: '>=12'}
    dev: false

  /tiny-glob/0.2.9:
    resolution: {integrity: sha512-g/55ssRPUjShh+xkfx9UPDXqhckHEsHr4Vd9zX55oSdGZc/MD0m3sferOkwWtp98bv+kcVfEHtRJgBVJzelrzg==}
    dependencies:
      globalyzer: 0.1.0
      globrex: 0.1.2
    dev: false
    optional: true

  /tslib/1.14.1:
    resolution: {integrity: sha512-Xni35NKzjgMrwevysHTCArtLDpPvye8zV/0E4EyYn43P7/7qvQwPh9BGkHewbMulVntbigmcT7rdX3BNo9wRJg==}
    dev: false

  /tslib/2.5.0:
    resolution: {integrity: sha512-336iVw3rtn2BUK7ORdIAHTyxHGRIHVReokCR3XjbckJMK7ms8FysBfhLR8IXnAgy7T0PTPNBWKiH514FOW/WSg==}
    dev: false

  /tsyringe/4.7.0:
    resolution: {integrity: sha512-ncFDM1jTLsok4ejMvSW5jN1VGPQD48y2tfAR0pdptWRKYX4bkbqPt92k7KJ5RFJ1KV36JEs/+TMh7I6OUgj74g==}
    engines: {node: '>= 6.0.0'}
    dependencies:
      tslib: 1.14.1
    dev: false

  /turbo-crc32/1.0.1:
    resolution: {integrity: sha512-8yyRd1ZdNp+AQLGqi3lTaA2k81JjlIZOyFQEsi7GQWBgirnQOxjqVtDEbYHM2Z4yFdJ5AQw0fxBLLnDCl6RXoQ==}
    engines: {node: '>=6'}
    dev: false

  /tweetnacl/1.0.3:
    resolution: {integrity: sha512-6rt+RN7aOi1nGMyC4Xa5DdYiukl2UWCbcJft7YhxReBGQD7OAM8Pbxw6YMo4r2diNEA8FEmu32YOn9rhaiE5yw==}
    dev: false

  /typedarray/0.0.6:
    resolution: {integrity: sha512-/aCDEGatGvZ2BIk+HmLf4ifCJFwvKFNb9/JeZPMulfgFracn9QFcAf5GO8B/mweUjSoblS5In0cWhqpfs/5PQA==}
    dev: false

  /typescript/4.9.5:
    resolution: {integrity: sha512-1FXk9E2Hm+QzZQ7z+McJiHL4NW1F2EzMu9Nq9i3zAaGqibafqYwCVU6WyWAuyQRRzOlxou8xZSyXLEN8oKj24g==}
    engines: {node: '>=4.2.0'}
    hasBin: true
    dev: false

  /typescript/5.0.4:
    resolution: {integrity: sha512-cW9T5W9xY37cc+jfEnaUvX91foxtHkza3Nw3wkoF4sSlKn0MONdkdEndig/qPBWXNkmplh3NzayQzCiHM4/hqw==}
    engines: {node: '>=12.20'}
    hasBin: true
    dev: true

  /ulid/2.3.0:
    resolution: {integrity: sha512-keqHubrlpvT6G2wH0OEfSW4mquYRcbe/J8NMmveoQOjUqmo+hXtO+ORCpWhdbZ7k72UtY61BL7haGxW6enBnjw==}
    hasBin: true
    dev: false

  /undici/5.21.0:
    resolution: {integrity: sha512-HOjK8l6a57b2ZGXOcUsI5NLfoTrfmbOl90ixJDl0AEFG4wgHNDQxtZy15/ZQp7HhjkpaGlp/eneMgtsu1dIlUA==}
    engines: {node: '>=12.18'}
    dependencies:
      busboy: 1.6.0
    dev: false
    optional: true

  /util-deprecate/1.0.2:
    resolution: {integrity: sha512-EPD5q1uXyFxJpCrLnCc1nHnq3gOa6DZBocAIiI2TaSCA7VCJ1UJDMagCzIkXNsUYfD1daK//LTEQ8xiIbrHtcw==}
    dev: false

  /uuid/8.3.2:
    resolution: {integrity: sha512-+NYs2QeMWy+GWFOEm9xnn6HCDp0l7QBD7ml8zLUmJ+93Q5NF0NocErnwkTkXVFNiX3/fpC6afS8Dhb/gz7R7eg==}
    hasBin: true
    dev: false

  /webcrypto-core/1.7.7:
    resolution: {integrity: sha512-7FjigXNsBfopEj+5DV2nhNpfic2vumtjjgPmeDKk45z+MJwXKKfhPB7118Pfzrmh4jqOMST6Ch37iPAHoImg5g==}
    dependencies:
      '@peculiar/asn1-schema': 2.3.6
      '@peculiar/json-schema': 1.1.12
      asn1js: 3.0.5
      pvtsutils: 1.3.2
      tslib: 2.5.0
    dev: false

  /werift/0.12.9_supports-color@8.1.1:
    resolution: {integrity: sha512-IqCwC5X8gmEhnWwggxsHHIr6xOxNMBzZEKYBtHarc97M8YFsFoOsKFgDEWER4aV8RzergN+YJa0lHY45w6EqOw==}
    engines: {node: '>=15'}
    dependencies:
      '@fidm/x509': 1.2.1
      '@peculiar/webcrypto': 1.4.3
      '@peculiar/x509': 1.9.3
      aes-js: 3.1.2
      big-integer: 1.6.51
      binary-data: 0.6.0
      buffer-crc32: 0.2.13
      date-fns: 2.29.3
      debug: 4.3.4_supports-color@8.1.1
      elliptic: 6.5.4
      int64-buffer: 1.0.1
      ip: 1.1.8
      jspack: 0.0.4
      lodash: 4.17.21
      nano-time: 1.0.0
      p-cancelable: 2.1.1
      rx.mini: 1.2.2
      turbo-crc32: 1.0.1
      tweetnacl: 1.0.3
      uuid: 8.3.2
    transitivePeerDependencies:
      - supports-color
    dev: false

  /ws/8.13.0:
    resolution: {integrity: sha512-x9vcZYTrFPC7aSIbj7sRCYo7L/Xb8Iy+pW0ng0wt2vCJv7M9HOMy0UoN3rr+IFC7hb7vXoqS+P9ktyLLLhO+LA==}
    engines: {node: '>=10.0.0'}
    peerDependencies:
      bufferutil: ^4.0.1
      utf-8-validate: '>=5.0.2'
    peerDependenciesMeta:
      bufferutil:
        optional: true
      utf-8-validate:
        optional: true

  /yargs-parser/21.1.1:
    resolution: {integrity: sha512-tVpsJW7DdjecAiFpbIB1e3qxIQsE6NoPc5/eTdrbbIC4h0LVsWhnoa3g+m2HclBIujHzsxZ4VJVA+GUuc2/LBw==}
    engines: {node: '>=12'}
    dev: false
    optional: true

  github.com/itzTheMeow/prism-media/f3e33538bbd00cd9f2a2184a75a832f961ba5409_ffmpeg-static@5.1.0:
    resolution: {tarball: https://codeload.github.com/itzTheMeow/prism-media/tar.gz/f3e33538bbd00cd9f2a2184a75a832f961ba5409}
    id: github.com/itzTheMeow/prism-media/f3e33538bbd00cd9f2a2184a75a832f961ba5409
    name: prism-media
    version: 1.3.5
    peerDependencies:
      '@discordjs/opus': '>=0.8.0 <1.0.0'
      ffmpeg-static: ^5.0.2 || ^4.2.7 || ^3.0.0 || ^2.4.0
      node-opus: ^0.3.3
      opusscript: ^0.0.8
    peerDependenciesMeta:
      '@discordjs/opus':
        optional: true
      ffmpeg-static:
        optional: true
      node-opus:
        optional: true
      opusscript:
        optional: true
    dependencies:
      ffmpeg-static: 5.1.0
    dev: false
